
Microsoft Visual Studio Solution File, Format Version 12.00
# Visual Studio Version 16
VisualStudioVersion = 25.0.1706.11
MinimumVisualStudioVersion = 10.0.40219.1
Project("{FAE04EC0-301F-11D3-BF4B-00C04F79EFBC}") = "Facade", "Facade.csproj", "{0F2E84E1-7EEE-440F-BEA1-558B5C4A4E93}"
EndProject
Global
	GlobalSection(SolutionConfigurationPlatforms) = preSolution
		Debug|Any CPU = Debug|Any CPU
		Release|Any CPU = Release|Any CPU
	EndGlobalSection
	GlobalSection(ProjectConfigurationPlatforms) = postSolution
		{0F2E84E1-7EEE-440F-BEA1-558B5C4A4E93}.Debug|Any CPU.ActiveCfg = Debug|Any CPU
		{0F2E84E1-7EEE-440F-BEA1-558B5C4A4E93}.Debug|Any CPU.Build.0 = Debug|Any CPU
		{0F2E84E1-7EEE-440F-BEA1-558B5C4A4E93}.Release|Any CPU.ActiveCfg = Release|Any CPU
		{0F2E84E1-7EEE-440F-BEA1-558B5C4A4E93}.Release|Any CPU.Build.0 = Release|Any CPU
	EndGlobalSection
	GlobalSection(SolutionProperties) = preSolution
		HideSolutionNode = FALSE
	EndGlobalSection
	GlobalSection(ExtensibilityGlobals) = postSolution
		SolutionGuid = {CD908E5B-3360-4766-9131-A62EE9F3FF86}
	EndGlobalSection
EndGlobal
