
Microsoft Visual Studio Solution File, Format Version 12.00
# Visual Studio Version 16
VisualStudioVersion = 25.0.1706.11
MinimumVisualStudioVersion = 10.0.40219.1
Project("{FAE04EC0-301F-11D3-BF4B-00C04F79EFBC}") = "TaskAdapter", "TaskAdapter.csproj", "{320B568B-3C1E-4009-8248-45C1337266CF}"
EndProject
Global
	GlobalSection(SolutionConfigurationPlatforms) = preSolution
		Debug|Any CPU = Debug|Any CPU
		Release|Any CPU = Release|Any CPU
	EndGlobalSection
	GlobalSection(ProjectConfigurationPlatforms) = postSolution
		{320B568B-3C1E-4009-8248-45C1337266CF}.Debug|Any CPU.ActiveCfg = Debug|Any CPU
		{320B568B-3C1E-4009-8248-45C1337266CF}.Debug|Any CPU.Build.0 = Debug|Any CPU
		{320B568B-3C1E-4009-8248-45C1337266CF}.Release|Any CPU.ActiveCfg = Release|Any CPU
		{320B568B-3C1E-4009-8248-45C1337266CF}.Release|Any CPU.Build.0 = Release|Any CPU
	EndGlobalSection
	GlobalSection(SolutionProperties) = preSolution
		HideSolutionNode = FALSE
	EndGlobalSection
	GlobalSection(ExtensibilityGlobals) = postSolution
		SolutionGuid = {70C2FE72-5207-4EB6-A50F-E871EF0DFF25}
	EndGlobalSection
EndGlobal
