
Microsoft Visual Studio Solution File, Format Version 12.00
# Visual Studio Version 16
VisualStudioVersion = 25.0.1706.11
MinimumVisualStudioVersion = 10.0.40219.1
Project("{FAE04EC0-301F-11D3-BF4B-00C04F79EFBC}") = "StrategyPattern", "StrategyPattern.csproj", "{F6DDF781-A81E-45A8-BD00-EA864F75CEFF}"
EndProject
Global
	GlobalSection(SolutionConfigurationPlatforms) = preSolution
		Debug|Any CPU = Debug|Any CPU
		Release|Any CPU = Release|Any CPU
	EndGlobalSection
	GlobalSection(ProjectConfigurationPlatforms) = postSolution
		{F6DDF781-A81E-45A8-BD00-EA864F75CEFF}.Debug|Any CPU.ActiveCfg = Debug|Any CPU
		{F6DDF781-A81E-45A8-BD00-EA864F75CEFF}.Debug|Any CPU.Build.0 = Debug|Any CPU
		{F6DDF781-A81E-45A8-BD00-EA864F75CEFF}.Release|Any CPU.ActiveCfg = Release|Any CPU
		{F6DDF781-A81E-45A8-BD00-EA864F75CEFF}.Release|Any CPU.Build.0 = Release|Any CPU
	EndGlobalSection
	GlobalSection(SolutionProperties) = preSolution
		HideSolutionNode = FALSE
	EndGlobalSection
	GlobalSection(ExtensibilityGlobals) = postSolution
		SolutionGuid = {D8DCBA3A-A04D-47B2-9E7E-11D153D4FF30}
	EndGlobalSection
EndGlobal
