
Microsoft Visual Studio Solution File, Format Version 12.00
# Visual Studio Version 16
VisualStudioVersion = 25.0.1706.11
MinimumVisualStudioVersion = 10.0.40219.1
Project("{FAE04EC0-301F-11D3-BF4B-00C04F79EFBC}") = "Adapter", "Adapter.csproj", "{4C69F27D-7F3C-42B3-ABB5-F8A2B7637A09}"
EndProject
Global
	GlobalSection(SolutionConfigurationPlatforms) = preSolution
		Debug|Any CPU = Debug|Any CPU
		Release|Any CPU = Release|Any CPU
	EndGlobalSection
	GlobalSection(ProjectConfigurationPlatforms) = postSolution
		{4C69F27D-7F3C-42B3-ABB5-F8A2B7637A09}.Debug|Any CPU.ActiveCfg = Debug|Any CPU
		{4C69F27D-7F3C-42B3-ABB5-F8A2B7637A09}.Debug|Any CPU.Build.0 = Debug|Any CPU
		{4C69F27D-7F3C-42B3-ABB5-F8A2B7637A09}.Release|Any CPU.ActiveCfg = Release|Any CPU
		{4C69F27D-7F3C-42B3-ABB5-F8A2B7637A09}.Release|Any CPU.Build.0 = Release|Any CPU
	EndGlobalSection
	GlobalSection(SolutionProperties) = preSolution
		HideSolutionNode = FALSE
	EndGlobalSection
	GlobalSection(ExtensibilityGlobals) = postSolution
		SolutionGuid = {E27ED6E6-2C21-47C0-B430-F7F4A186AB25}
	EndGlobalSection
EndGlobal
